
Microsoft Visual Studio Solution File, Format Version 12.00
# Visual Studio Version 17
VisualStudioVersion = 17.8.34316.72
MinimumVisualStudioVersion = 10.0.40219.1
Project("{9A19103F-16F7-4668-BE54-9A1E7A4F7556}") = "Adapter_Pattern", "Adapter_Pattern\Adapter_Pattern.csproj", "{BFBB20B4-0BDA-4D22-9E10-C3635F1E7633}"
EndProject
Project("{9A19103F-16F7-4668-BE54-9A1E7A4F7556}") = "Bridge Design Pattern", "Bridge Design Pattern\Bridge Design Pattern.csproj", "{DAF84C09-8818-493E-92A8-65299B6F5D39}"
EndProject
Project("{9A19103F-16F7-4668-BE54-9A1E7A4F7556}") = "Composite Design Pattern", "Composite Design Pattern\Composite Design Pattern.csproj", "{4B5AFC5B-FE66-4FBC-8948-C64810D1D6D0}"
EndProject
Project("{9A19103F-16F7-4668-BE54-9A1E7A4F7556}") = "Decorator Design Pattern", "Decorator Design Pattern\Decorator Design Pattern.csproj", "{5EA8E256-EB6F-47B2-A809-42241120B878}"
EndProject
Project("{9A19103F-16F7-4668-BE54-9A1E7A4F7556}") = "Facade Design Pattern", "Facade Design Pattern\Facade Design Pattern.csproj", "{2E1F6D50-DA8A-47E1-8E55-898BD78C2005}"
EndProject
Project("{9A19103F-16F7-4668-BE54-9A1E7A4F7556}") = "Flyweight Design Pattern", "Flyweight Design Pattern\Flyweight Design Pattern.csproj", "{37307CCA-335E-4EA1-80E9-EE4CCECD5781}"
EndProject
Project("{9A19103F-16F7-4668-BE54-9A1E7A4F7556}") = "Proxy Design Pattern", "Proxy Design Pattern\Proxy Design Pattern.csproj", "{9BE527EA-4BDA-438D-A231-7B97060A24A3}"
EndProject
Project("{2150E333-8FDC-42A3-9474-1A3956D46DE8}") = "Structural Design Patterns", "Structural Design Patterns", "{BE54F379-6C1B-4C4F-9C78-B6D7D60A2EE2}"
EndProject
Project("{2150E333-8FDC-42A3-9474-1A3956D46DE8}") = "Behavioral Design Patterns", "Behavioral Design Patterns", "{09492BB7-1BDA-47D7-99E9-D5FF9802022C}"
EndProject
Project("{9A19103F-16F7-4668-BE54-9A1E7A4F7556}") = "Chain of Responsibility Design Pattern", "Chain of Responsibility Design Pattern\Chain of Responsibility Design Pattern.csproj", "{8B121457-19D8-421D-A790-7741BA35786F}"
EndProject
Project("{9A19103F-16F7-4668-BE54-9A1E7A4F7556}") = "Command Design Pattern", "Command Design Pattern\Command Design Pattern.csproj", "{D6C7E50D-64F1-4789-85FD-EEB8DBF752E6}"
EndProject
Project("{9A19103F-16F7-4668-BE54-9A1E7A4F7556}") = "Iterator Design Pattern", "Iterator Design Pattern\Iterator Design Pattern.csproj", "{74FF845B-27E0-433A-AECC-A6CA4CFB211C}"
EndProject
Project("{9A19103F-16F7-4668-BE54-9A1E7A4F7556}") = "Interpreter Design Pattern", "Interpreter Design Pattern\Interpreter Design Pattern.csproj", "{B1FA8401-B7A6-45C2-9A60-31CED7B956F9}"
EndProject
Project("{9A19103F-16F7-4668-BE54-9A1E7A4F7556}") = "Mediator Design Pattern", "Mediator Design Pattern\Mediator Design Pattern.csproj", "{28442125-A49A-4A3A-9DA6-035E091A9528}"
EndProject
Project("{9A19103F-16F7-4668-BE54-9A1E7A4F7556}") = "Memento Design Pattern", "Memento Design Pattern\Memento Design Pattern.csproj", "{A44BE9B3-B2D3-4F56-AFB1-A11D9EA3DD94}"
EndProject
Project("{9A19103F-16F7-4668-BE54-9A1E7A4F7556}") = "Observer Design Pattern", "Observer Design Pattern\Observer Design Pattern.csproj", "{7514495E-0A5C-4BA7-90AD-771C272F28C2}"
EndProject
Project("{9A19103F-16F7-4668-BE54-9A1E7A4F7556}") = "State Design Pattern", "State Design Pattern\State Design Pattern.csproj", "{2C9F8608-27C3-45F9-A787-A353DE664BBE}"
EndProject
Project("{9A19103F-16F7-4668-BE54-9A1E7A4F7556}") = "Strategy Design Pattern", "Strategy Design Pattern\Strategy Design Pattern.csproj", "{485C04B5-E9FF-497F-A4B8-37ABE9EDEDBF}"
EndProject
Project("{9A19103F-16F7-4668-BE54-9A1E7A4F7556}") = "Template Method Design Pattern", "Template Method Design Pattern\Template Method Design Pattern.csproj", "{EDC94446-93A7-4233-82E7-7E47E18F3441}"
EndProject
Project("{9A19103F-16F7-4668-BE54-9A1E7A4F7556}") = "Visitor Design Pattern", "Visitor Design Pattern\Visitor Design Pattern.csproj", "{0943A661-9D50-49B8-B192-AE9A4F45B20D}"
EndProject
Project("{2150E333-8FDC-42A3-9474-1A3956D46DE8}") = "Creational Design Patterns", "Creational Design Patterns", "{B73D47E5-3F2B-4E32-A1A6-39DF908F0CFF}"
EndProject
Project("{FAE04EC0-301F-11D3-BF4B-00C04F79EFBC}") = "Factory Design Pattern", "Factory Design Pattern\Factory Design Pattern.csproj", "{C62ACDBC-D25F-41FC-9AC7-AA6A0C39344F}"
EndProject
Project("{FAE04EC0-301F-11D3-BF4B-00C04F79EFBC}") = "Abstract Factory Design Pattern", "Abstract Factory Design Pattern\Abstract Factory Design Pattern.csproj", "{25AD6742-D1E3-48BF-BDCA-E34B92509A9B}"
EndProject
Project("{FAE04EC0-301F-11D3-BF4B-00C04F79EFBC}") = "Singleton Design Pattern", "Singleton Design Pattern\Singleton Design Pattern.csproj", "{F6D4435A-6C88-421C-A768-DEFB3F36BD54}"
EndProject
Project("{FAE04EC0-301F-11D3-BF4B-00C04F79EFBC}") = "Builder Design Pattern", "Builder Design Pattern\Builder Design Pattern.csproj", "{948F3B99-F9D8-4145-A5D7-F05EAFA357C6}"
EndProject
Project("{FAE04EC0-301F-11D3-BF4B-00C04F79EFBC}") = "Prototype Design Pattern", "Prototype Design Pattern\Prototype Design Pattern.csproj", "{3036D387-4145-4BB9-9EA3-930543EAB4F9}"
EndProject
Global
	GlobalSection(SolutionConfigurationPlatforms) = preSolution
		Debug|Any CPU = Debug|Any CPU
		Release|Any CPU = Release|Any CPU
	EndGlobalSection
	GlobalSection(ProjectConfigurationPlatforms) = postSolution
		{BFBB20B4-0BDA-4D22-9E10-C3635F1E7633}.Debug|Any CPU.ActiveCfg = Debug|Any CPU
		{BFBB20B4-0BDA-4D22-9E10-C3635F1E7633}.Debug|Any CPU.Build.0 = Debug|Any CPU
		{BFBB20B4-0BDA-4D22-9E10-C3635F1E7633}.Release|Any CPU.ActiveCfg = Release|Any CPU
		{BFBB20B4-0BDA-4D22-9E10-C3635F1E7633}.Release|Any CPU.Build.0 = Release|Any CPU
		{DAF84C09-8818-493E-92A8-65299B6F5D39}.Debug|Any CPU.ActiveCfg = Debug|Any CPU
		{DAF84C09-8818-493E-92A8-65299B6F5D39}.Debug|Any CPU.Build.0 = Debug|Any CPU
		{DAF84C09-8818-493E-92A8-65299B6F5D39}.Release|Any CPU.ActiveCfg = Release|Any CPU
		{DAF84C09-8818-493E-92A8-65299B6F5D39}.Release|Any CPU.Build.0 = Release|Any CPU
		{4B5AFC5B-FE66-4FBC-8948-C64810D1D6D0}.Debug|Any CPU.ActiveCfg = Debug|Any CPU
		{4B5AFC5B-FE66-4FBC-8948-C64810D1D6D0}.Debug|Any CPU.Build.0 = Debug|Any CPU
		{4B5AFC5B-FE66-4FBC-8948-C64810D1D6D0}.Release|Any CPU.ActiveCfg = Release|Any CPU
		{4B5AFC5B-FE66-4FBC-8948-C64810D1D6D0}.Release|Any CPU.Build.0 = Release|Any CPU
		{5EA8E256-EB6F-47B2-A809-42241120B878}.Debug|Any CPU.ActiveCfg = Debug|Any CPU
		{5EA8E256-EB6F-47B2-A809-42241120B878}.Debug|Any CPU.Build.0 = Debug|Any CPU
		{5EA8E256-EB6F-47B2-A809-42241120B878}.Release|Any CPU.ActiveCfg = Release|Any CPU
		{5EA8E256-EB6F-47B2-A809-42241120B878}.Release|Any CPU.Build.0 = Release|Any CPU
		{2E1F6D50-DA8A-47E1-8E55-898BD78C2005}.Debug|Any CPU.ActiveCfg = Debug|Any CPU
		{2E1F6D50-DA8A-47E1-8E55-898BD78C2005}.Debug|Any CPU.Build.0 = Debug|Any CPU
		{2E1F6D50-DA8A-47E1-8E55-898BD78C2005}.Release|Any CPU.ActiveCfg = Release|Any CPU
		{2E1F6D50-DA8A-47E1-8E55-898BD78C2005}.Release|Any CPU.Build.0 = Release|Any CPU
		{37307CCA-335E-4EA1-80E9-EE4CCECD5781}.Debug|Any CPU.ActiveCfg = Debug|Any CPU
		{37307CCA-335E-4EA1-80E9-EE4CCECD5781}.Debug|Any CPU.Build.0 = Debug|Any CPU
		{37307CCA-335E-4EA1-80E9-EE4CCECD5781}.Release|Any CPU.ActiveCfg = Release|Any CPU
		{37307CCA-335E-4EA1-80E9-EE4CCECD5781}.Release|Any CPU.Build.0 = Release|Any CPU
		{9BE527EA-4BDA-438D-A231-7B97060A24A3}.Debug|Any CPU.ActiveCfg = Debug|Any CPU
		{9BE527EA-4BDA-438D-A231-7B97060A24A3}.Debug|Any CPU.Build.0 = Debug|Any CPU
		{9BE527EA-4BDA-438D-A231-7B97060A24A3}.Release|Any CPU.ActiveCfg = Release|Any CPU
		{9BE527EA-4BDA-438D-A231-7B97060A24A3}.Release|Any CPU.Build.0 = Release|Any CPU
		{8B121457-19D8-421D-A790-7741BA35786F}.Debug|Any CPU.ActiveCfg = Debug|Any CPU
		{8B121457-19D8-421D-A790-7741BA35786F}.Debug|Any CPU.Build.0 = Debug|Any CPU
		{8B121457-19D8-421D-A790-7741BA35786F}.Release|Any CPU.ActiveCfg = Release|Any CPU
		{8B121457-19D8-421D-A790-7741BA35786F}.Release|Any CPU.Build.0 = Release|Any CPU
		{D6C7E50D-64F1-4789-85FD-EEB8DBF752E6}.Debug|Any CPU.ActiveCfg = Debug|Any CPU
		{D6C7E50D-64F1-4789-85FD-EEB8DBF752E6}.Debug|Any CPU.Build.0 = Debug|Any CPU
		{D6C7E50D-64F1-4789-85FD-EEB8DBF752E6}.Release|Any CPU.ActiveCfg = Release|Any CPU
		{D6C7E50D-64F1-4789-85FD-EEB8DBF752E6}.Release|Any CPU.Build.0 = Release|Any CPU
		{74FF845B-27E0-433A-AECC-A6CA4CFB211C}.Debug|Any CPU.ActiveCfg = Debug|Any CPU
		{74FF845B-27E0-433A-AECC-A6CA4CFB211C}.Debug|Any CPU.Build.0 = Debug|Any CPU
		{74FF845B-27E0-433A-AECC-A6CA4CFB211C}.Release|Any CPU.ActiveCfg = Release|Any CPU
		{74FF845B-27E0-433A-AECC-A6CA4CFB211C}.Release|Any CPU.Build.0 = Release|Any CPU
		{B1FA8401-B7A6-45C2-9A60-31CED7B956F9}.Debug|Any CPU.ActiveCfg = Debug|Any CPU
		{B1FA8401-B7A6-45C2-9A60-31CED7B956F9}.Debug|Any CPU.Build.0 = Debug|Any CPU
		{B1FA8401-B7A6-45C2-9A60-31CED7B956F9}.Release|Any CPU.ActiveCfg = Release|Any CPU
		{B1FA8401-B7A6-45C2-9A60-31CED7B956F9}.Release|Any CPU.Build.0 = Release|Any CPU
		{28442125-A49A-4A3A-9DA6-035E091A9528}.Debug|Any CPU.ActiveCfg = Debug|Any CPU
		{28442125-A49A-4A3A-9DA6-035E091A9528}.Debug|Any CPU.Build.0 = Debug|Any CPU
		{28442125-A49A-4A3A-9DA6-035E091A9528}.Release|Any CPU.ActiveCfg = Release|Any CPU
		{28442125-A49A-4A3A-9DA6-035E091A9528}.Release|Any CPU.Build.0 = Release|Any CPU
		{A44BE9B3-B2D3-4F56-AFB1-A11D9EA3DD94}.Debug|Any CPU.ActiveCfg = Debug|Any CPU
		{A44BE9B3-B2D3-4F56-AFB1-A11D9EA3DD94}.Debug|Any CPU.Build.0 = Debug|Any CPU
		{A44BE9B3-B2D3-4F56-AFB1-A11D9EA3DD94}.Release|Any CPU.ActiveCfg = Release|Any CPU
		{A44BE9B3-B2D3-4F56-AFB1-A11D9EA3DD94}.Release|Any CPU.Build.0 = Release|Any CPU
		{7514495E-0A5C-4BA7-90AD-771C272F28C2}.Debug|Any CPU.ActiveCfg = Debug|Any CPU
		{7514495E-0A5C-4BA7-90AD-771C272F28C2}.Debug|Any CPU.Build.0 = Debug|Any CPU
		{7514495E-0A5C-4BA7-90AD-771C272F28C2}.Release|Any CPU.ActiveCfg = Release|Any CPU
		{7514495E-0A5C-4BA7-90AD-771C272F28C2}.Release|Any CPU.Build.0 = Release|Any CPU
		{2C9F8608-27C3-45F9-A787-A353DE664BBE}.Debug|Any CPU.ActiveCfg = Debug|Any CPU
		{2C9F8608-27C3-45F9-A787-A353DE664BBE}.Debug|Any CPU.Build.0 = Debug|Any CPU
		{2C9F8608-27C3-45F9-A787-A353DE664BBE}.Release|Any CPU.ActiveCfg = Release|Any CPU
		{2C9F8608-27C3-45F9-A787-A353DE664BBE}.Release|Any CPU.Build.0 = Release|Any CPU
		{485C04B5-E9FF-497F-A4B8-37ABE9EDEDBF}.Debug|Any CPU.ActiveCfg = Debug|Any CPU
		{485C04B5-E9FF-497F-A4B8-37ABE9EDEDBF}.Debug|Any CPU.Build.0 = Debug|Any CPU
		{485C04B5-E9FF-497F-A4B8-37ABE9EDEDBF}.Release|Any CPU.ActiveCfg = Release|Any CPU
		{485C04B5-E9FF-497F-A4B8-37ABE9EDEDBF}.Release|Any CPU.Build.0 = Release|Any CPU
		{EDC94446-93A7-4233-82E7-7E47E18F3441}.Debug|Any CPU.ActiveCfg = Debug|Any CPU
		{EDC94446-93A7-4233-82E7-7E47E18F3441}.Debug|Any CPU.Build.0 = Debug|Any CPU
		{EDC94446-93A7-4233-82E7-7E47E18F3441}.Release|Any CPU.ActiveCfg = Release|Any CPU
		{EDC94446-93A7-4233-82E7-7E47E18F3441}.Release|Any CPU.Build.0 = Release|Any CPU
		{0943A661-9D50-49B8-B192-AE9A4F45B20D}.Debug|Any CPU.ActiveCfg = Debug|Any CPU
		{0943A661-9D50-49B8-B192-AE9A4F45B20D}.Debug|Any CPU.Build.0 = Debug|Any CPU
		{0943A661-9D50-49B8-B192-AE9A4F45B20D}.Release|Any CPU.ActiveCfg = Release|Any CPU
		{0943A661-9D50-49B8-B192-AE9A4F45B20D}.Release|Any CPU.Build.0 = Release|Any CPU
		{C62ACDBC-D25F-41FC-9AC7-AA6A0C39344F}.Debug|Any CPU.ActiveCfg = Debug|Any CPU
		{C62ACDBC-D25F-41FC-9AC7-AA6A0C39344F}.Debug|Any CPU.Build.0 = Debug|Any CPU
		{C62ACDBC-D25F-41FC-9AC7-AA6A0C39344F}.Release|Any CPU.ActiveCfg = Release|Any CPU
		{C62ACDBC-D25F-41FC-9AC7-AA6A0C39344F}.Release|Any CPU.Build.0 = Release|Any CPU
		{25AD6742-D1E3-48BF-BDCA-E34B92509A9B}.Debug|Any CPU.ActiveCfg = Debug|Any CPU
		{25AD6742-D1E3-48BF-BDCA-E34B92509A9B}.Debug|Any CPU.Build.0 = Debug|Any CPU
		{25AD6742-D1E3-48BF-BDCA-E34B92509A9B}.Release|Any CPU.ActiveCfg = Release|Any CPU
		{25AD6742-D1E3-48BF-BDCA-E34B92509A9B}.Release|Any CPU.Build.0 = Release|Any CPU
		{F6D4435A-6C88-421C-A768-DEFB3F36BD54}.Debug|Any CPU.ActiveCfg = Debug|Any CPU
		{F6D4435A-6C88-421C-A768-DEFB3F36BD54}.Debug|Any CPU.Build.0 = Debug|Any CPU
		{F6D4435A-6C88-421C-A768-DEFB3F36BD54}.Release|Any CPU.ActiveCfg = Release|Any CPU
		{F6D4435A-6C88-421C-A768-DEFB3F36BD54}.Release|Any CPU.Build.0 = Release|Any CPU
		{948F3B99-F9D8-4145-A5D7-F05EAFA357C6}.Debug|Any CPU.ActiveCfg = Debug|Any CPU
		{948F3B99-F9D8-4145-A5D7-F05EAFA357C6}.Debug|Any CPU.Build.0 = Debug|Any CPU
		{948F3B99-F9D8-4145-A5D7-F05EAFA357C6}.Release|Any CPU.ActiveCfg = Release|Any CPU
		{948F3B99-F9D8-4145-A5D7-F05EAFA357C6}.Release|Any CPU.Build.0 = Release|Any CPU
		{3036D387-4145-4BB9-9EA3-930543EAB4F9}.Debug|Any CPU.ActiveCfg = Debug|Any CPU
		{3036D387-4145-4BB9-9EA3-930543EAB4F9}.Debug|Any CPU.Build.0 = Debug|Any CPU
		{3036D387-4145-4BB9-9EA3-930543EAB4F9}.Release|Any CPU.ActiveCfg = Release|Any CPU
		{3036D387-4145-4BB9-9EA3-930543EAB4F9}.Release|Any CPU.Build.0 = Release|Any CPU
	EndGlobalSection
	GlobalSection(SolutionProperties) = preSolution
		HideSolutionNode = FALSE
	EndGlobalSection
	GlobalSection(NestedProjects) = preSolution
		{BFBB20B4-0BDA-4D22-9E10-C3635F1E7633} = {BE54F379-6C1B-4C4F-9C78-B6D7D60A2EE2}
		{DAF84C09-8818-493E-92A8-65299B6F5D39} = {BE54F379-6C1B-4C4F-9C78-B6D7D60A2EE2}
		{4B5AFC5B-FE66-4FBC-8948-C64810D1D6D0} = {BE54F379-6C1B-4C4F-9C78-B6D7D60A2EE2}
		{5EA8E256-EB6F-47B2-A809-42241120B878} = {BE54F379-6C1B-4C4F-9C78-B6D7D60A2EE2}
		{2E1F6D50-DA8A-47E1-8E55-898BD78C2005} = {BE54F379-6C1B-4C4F-9C78-B6D7D60A2EE2}
		{37307CCA-335E-4EA1-80E9-EE4CCECD5781} = {BE54F379-6C1B-4C4F-9C78-B6D7D60A2EE2}
		{9BE527EA-4BDA-438D-A231-7B97060A24A3} = {BE54F379-6C1B-4C4F-9C78-B6D7D60A2EE2}
		{8B121457-19D8-421D-A790-7741BA35786F} = {09492BB7-1BDA-47D7-99E9-D5FF9802022C}
		{D6C7E50D-64F1-4789-85FD-EEB8DBF752E6} = {09492BB7-1BDA-47D7-99E9-D5FF9802022C}
		{74FF845B-27E0-433A-AECC-A6CA4CFB211C} = {09492BB7-1BDA-47D7-99E9-D5FF9802022C}
		{B1FA8401-B7A6-45C2-9A60-31CED7B956F9} = {09492BB7-1BDA-47D7-99E9-D5FF9802022C}
		{28442125-A49A-4A3A-9DA6-035E091A9528} = {09492BB7-1BDA-47D7-99E9-D5FF9802022C}
		{A44BE9B3-B2D3-4F56-AFB1-A11D9EA3DD94} = {09492BB7-1BDA-47D7-99E9-D5FF9802022C}
		{7514495E-0A5C-4BA7-90AD-771C272F28C2} = {09492BB7-1BDA-47D7-99E9-D5FF9802022C}
		{2C9F8608-27C3-45F9-A787-A353DE664BBE} = {09492BB7-1BDA-47D7-99E9-D5FF9802022C}
		{485C04B5-E9FF-497F-A4B8-37ABE9EDEDBF} = {09492BB7-1BDA-47D7-99E9-D5FF9802022C}
		{EDC94446-93A7-4233-82E7-7E47E18F3441} = {09492BB7-1BDA-47D7-99E9-D5FF9802022C}
		{0943A661-9D50-49B8-B192-AE9A4F45B20D} = {09492BB7-1BDA-47D7-99E9-D5FF9802022C}
		{C62ACDBC-D25F-41FC-9AC7-AA6A0C39344F} = {B73D47E5-3F2B-4E32-A1A6-39DF908F0CFF}
		{25AD6742-D1E3-48BF-BDCA-E34B92509A9B} = {B73D47E5-3F2B-4E32-A1A6-39DF908F0CFF}
		{F6D4435A-6C88-421C-A768-DEFB3F36BD54} = {B73D47E5-3F2B-4E32-A1A6-39DF908F0CFF}
		{948F3B99-F9D8-4145-A5D7-F05EAFA357C6} = {B73D47E5-3F2B-4E32-A1A6-39DF908F0CFF}
		{3036D387-4145-4BB9-9EA3-930543EAB4F9} = {B73D47E5-3F2B-4E32-A1A6-39DF908F0CFF}
	EndGlobalSection
	GlobalSection(ExtensibilityGlobals) = postSolution
		SolutionGuid = {B4F86CB2-1930-468A-883B-B58E100CBA19}
	EndGlobalSection
EndGlobal
